
Microsoft Visual Studio Solution File, Format Version 10.00
# Visual Studio 2008
Project("{FAE04EC0-301F-11D3-BF4B-00C04F79EFBC}") = "CoreServices", "CoreServices.csproj", "{951D4CED-FAFF-4969-9A68-3F6EEF83DB61}"
EndProject
Global
	GlobalSection(SolutionConfigurationPlatforms) = preSolution
		Debug|Any CPU = Debug|Any CPU
		Release|Any CPU = Release|Any CPU
	EndGlobalSection
	GlobalSection(ProjectConfigurationPlatforms) = postSolution
		{951D4CED-FAFF-4969-9A68-3F6EEF83DB61}.Debug|Any CPU.ActiveCfg = Debug|Any CPU
		{951D4CED-FAFF-4969-9A68-3F6EEF83DB61}.Debug|Any CPU.Build.0 = Debug|Any CPU
		{951D4CED-FAFF-4969-9A68-3F6EEF83DB61}.Release|Any CPU.ActiveCfg = Release|Any CPU
		{951D4CED-FAFF-4969-9A68-3F6EEF83DB61}.Release|Any CPU.Build.0 = Release|Any CPU
	EndGlobalSection
	GlobalSection(SolutionProperties) = preSolution
		HideSolutionNode = FALSE
	EndGlobalSection
EndGlobal
