
Microsoft Visual Studio Solution File, Format Version 10.00
# Visual Studio 2008
Project("{FAE04EC0-301F-11D3-BF4B-00C04F79EFBC}") = "Services", "Services.csproj", "{B533F00C-76E8-4DFA-91D0-07ABFB0F8BBA}"
EndProject
Global
	GlobalSection(SolutionConfigurationPlatforms) = preSolution
		Debug|Any CPU = Debug|Any CPU
		Release|Any CPU = Release|Any CPU
	EndGlobalSection
	GlobalSection(ProjectConfigurationPlatforms) = postSolution
		{B533F00C-76E8-4DFA-91D0-07ABFB0F8BBA}.Debug|Any CPU.ActiveCfg = Debug|Any CPU
		{B533F00C-76E8-4DFA-91D0-07ABFB0F8BBA}.Debug|Any CPU.Build.0 = Debug|Any CPU
		{B533F00C-76E8-4DFA-91D0-07ABFB0F8BBA}.Release|Any CPU.ActiveCfg = Release|Any CPU
		{B533F00C-76E8-4DFA-91D0-07ABFB0F8BBA}.Release|Any CPU.Build.0 = Release|Any CPU
	EndGlobalSection
	GlobalSection(SolutionProperties) = preSolution
		HideSolutionNode = FALSE
	EndGlobalSection
EndGlobal
